// !$*UTF8*$!
{
	archiveVersion = 1;
	classes = {
	};
	objectVersion = 50;
	objects = {

/* Begin PBXBuildFile section */
		08323AC525DF29E000013B14 /* AppDelegate.swift in Sources */ = {isa = PBXBuildFile; fileRef = 08323AC425DF29E000013B14 /* AppDelegate.swift */; };
		08323AC725DF29E000013B14 /* SceneDelegate.swift in Sources */ = {isa = PBXBuildFile; fileRef = 08323AC625DF29E000013B14 /* SceneDelegate.swift */; };
		08323ACC25DF29E000013B14 /* Main.storyboard in Resources */ = {isa = PBXBuildFile; fileRef = 08323ACA25DF29E000013B14 /* Main.storyboard */; };
		08323ACE25DF29E100013B14 /* Assets.xcassets in Resources */ = {isa = PBXBuildFile; fileRef = 08323ACD25DF29E100013B14 /* Assets.xcassets */; };
		08323AD125DF29E100013B14 /* LaunchScreen.storyboard in Resources */ = {isa = PBXBuildFile; fileRef = 08323ACF25DF29E100013B14 /* LaunchScreen.storyboard */; };
		08323ADC25DF29E100013B14 /* flixterTests.swift in Sources */ = {isa = PBXBuildFile; fileRef = 08323ADB25DF29E100013B14 /* flixterTests.swift */; };
		08323AE725DF29E100013B14 /* flixterUITests.swift in Sources */ = {isa = PBXBuildFile; fileRef = 08323AE625DF29E100013B14 /* flixterUITests.swift */; };
		08323AFB25DF359E00013B14 /* MoviesViewController.swift in Sources */ = {isa = PBXBuildFile; fileRef = 08323AFA25DF359E00013B14 /* MoviesViewController.swift */; };
		08323B0025DF401600013B14 /* MovieCell.swift in Sources */ = {isa = PBXBuildFile; fileRef = 08323AFF25DF401600013B14 /* MovieCell.swift */; };
		2980953146F42E179015B647 /* Pods_flixterTests.framework in Frameworks */ = {isa = PBXBuildFile; fileRef = FE2C3B6066E10E2B17269CBA /* Pods_flixterTests.framework */; };
		7682138A9A3F50636A9ACA8C /* Pods_flixter_flixterUITests.framework in Frameworks */ = {isa = PBXBuildFile; fileRef = 70B2DCE51F7A2C770EBBD813 /* Pods_flixter_flixterUITests.framework */; };
		E8107722BCA7DAD91935B6F4 /* Pods_flixter.framework in Frameworks */ = {isa = PBXBuildFile; fileRef = 5B64157191288DE670BC1B9D /* Pods_flixter.framework */; };
/* End PBXBuildFile section */

/* Begin PBXContainerItemProxy section */
		08323AD825DF29E100013B14 /* PBXContainerItemProxy */ = {
			isa = PBXContainerItemProxy;
			containerPortal = 08323AB925DF29E000013B14 /* Project object */;
			proxyType = 1;
			remoteGlobalIDString = 08323AC025DF29E000013B14;
			remoteInfo = flixter;
		};
		08323AE325DF29E100013B14 /* PBXContainerItemProxy */ = {
			isa = PBXContainerItemProxy;
			containerPortal = 08323AB925DF29E000013B14 /* Project object */;
			proxyType = 1;
			remoteGlobalIDString = 08323AC025DF29E000013B14;
			remoteInfo = flixter;
		};
/* End PBXContainerItemProxy section */

/* Begin PBXFileReference section */
		08323AC125DF29E000013B14 /* flixter.app */ = {isa = PBXFileReference; explicitFileType = wrapper.application; includeInIndex = 0; path = flixter.app; sourceTree = BUILT_PRODUCTS_DIR; };
		08323AC425DF29E000013B14 /* AppDelegate.swift */ = {isa = PBXFileReference; lastKnownFileType = sourcecode.swift; path = AppDelegate.swift; sourceTree = "<group>"; };
		08323AC625DF29E000013B14 /* SceneDelegate.swift */ = {isa = PBXFileReference; lastKnownFileType = sourcecode.swift; path = SceneDelegate.swift; sourceTree = "<group>"; };
		08323ACB25DF29E000013B14 /* Base */ = {isa = PBXFileReference; lastKnownFileType = file.storyboard; name = Base; path = Base.lproj/Main.storyboard; sourceTree = "<group>"; };
		08323ACD25DF29E100013B14 /* Assets.xcassets */ = {isa = PBXFileReference; lastKnownFileType = folder.assetcatalog; path = Assets.xcassets; sourceTree = "<group>"; };
		08323AD025DF29E100013B14 /* Base */ = {isa = PBXFileReference; lastKnownFileType = file.storyboard; name = Base; path = Base.lproj/LaunchScreen.storyboard; sourceTree = "<group>"; };
		08323AD225DF29E100013B14 /* Info.plist */ = {isa = PBXFileReference; lastKnownFileType = text.plist.xml; path = Info.plist; sourceTree = "<group>"; };
		08323AD725DF29E100013B14 /* flixterTests.xctest */ = {isa = PBXFileReference; explicitFileType = wrapper.cfbundle; includeInIndex = 0; path = flixterTests.xctest; sourceTree = BUILT_PRODUCTS_DIR; };
		08323ADB25DF29E100013B14 /* flixterTests.swift */ = {isa = PBXFileReference; lastKnownFileType = sourcecode.swift; path = flixterTests.swift; sourceTree = "<group>"; };
		08323ADD25DF29E100013B14 /* Info.plist */ = {isa = PBXFileReference; lastKnownFileType = text.plist.xml; path = Info.plist; sourceTree = "<group>"; };
		08323AE225DF29E100013B14 /* flixterUITests.xctest */ = {isa = PBXFileReference; explicitFileType = wrapper.cfbundle; includeInIndex = 0; path = flixterUITests.xctest; sourceTree = BUILT_PRODUCTS_DIR; };
		08323AE625DF29E100013B14 /* flixterUITests.swift */ = {isa = PBXFileReference; lastKnownFileType = sourcecode.swift; path = flixterUITests.swift; sourceTree = "<group>"; };
		08323AE825DF29E100013B14 /* Info.plist */ = {isa = PBXFileReference; lastKnownFileType = text.plist.xml; path = Info.plist; sourceTree = "<group>"; };
		08323AFA25DF359E00013B14 /* MoviesViewController.swift */ = {isa = PBXFileReference; lastKnownFileType = sourcecode.swift; path = MoviesViewController.swift; sourceTree = "<group>"; };
		08323AFF25DF401600013B14 /* MovieCell.swift */ = {isa = PBXFileReference; lastKnownFileType = sourcecode.swift; path = MovieCell.swift; sourceTree = "<group>"; };
		5374258278E8B42CEB4A0C81 /* Pods-flixter.debug.xcconfig */ = {isa = PBXFileReference; includeInIndex = 1; lastKnownFileType = text.xcconfig; name = "Pods-flixter.debug.xcconfig"; path = "Target Support Files/Pods-flixter/Pods-flixter.debug.xcconfig"; sourceTree = "<group>"; };
		5B64157191288DE670BC1B9D /* Pods_flixter.framework */ = {isa = PBXFileReference; explicitFileType = wrapper.framework; includeInIndex = 0; path = Pods_flixter.framework; sourceTree = BUILT_PRODUCTS_DIR; };
		70B2DCE51F7A2C770EBBD813 /* Pods_flixter_flixterUITests.framework */ = {isa = PBXFileReference; explicitFileType = wrapper.framework; includeInIndex = 0; path = Pods_flixter_flixterUITests.framework; sourceTree = BUILT_PRODUCTS_DIR; };
		816380473DD7B3730E826FC5 /* Pods-flixterTests.release.xcconfig */ = {isa = PBXFileReference; includeInIndex = 1; lastKnownFileType = text.xcconfig; name = "Pods-flixterTests.release.xcconfig"; path = "Target Support Files/Pods-flixterTests/Pods-flixterTests.release.xcconfig"; sourceTree = "<group>"; };
		9C132BBEEC02A1C552B707F5 /* Pods-flixter.release.xcconfig */ = {isa = PBXFileReference; includeInIndex = 1; lastKnownFileType = text.xcconfig; name = "Pods-flixter.release.xcconfig"; path = "Target Support Files/Pods-flixter/Pods-flixter.release.xcconfig"; sourceTree = "<group>"; };
		A94F9873B737383A044399D1 /* Pods-flixter-flixterUITests.debug.xcconfig */ = {isa = PBXFileReference; includeInIndex = 1; lastKnownFileType = text.xcconfig; name = "Pods-flixter-flixterUITests.debug.xcconfig"; path = "Target Support Files/Pods-flixter-flixterUITests/Pods-flixter-flixterUITests.debug.xcconfig"; sourceTree = "<group>"; };
		EACEC920DC17AA2C9D4B2017 /* Pods-flixterTests.debug.xcconfig */ = {isa = PBXFileReference; includeInIndex = 1; lastKnownFileType = text.xcconfig; name = "Pods-flixterTests.debug.xcconfig"; path = "Target Support Files/Pods-flixterTests/Pods-flixterTests.debug.xcconfig"; sourceTree = "<group>"; };
		FD9F25F186818D7981754347 /* Pods-flixter-flixterUITests.release.xcconfig */ = {isa = PBXFileReference; includeInIndex = 1; lastKnownFileType = text.xcconfig; name = "Pods-flixter-flixterUITests.release.xcconfig"; path = "Target Support Files/Pods-flixter-flixterUITests/Pods-flixter-flixterUITests.release.xcconfig"; sourceTree = "<group>"; };
		FE2C3B6066E10E2B17269CBA /* Pods_flixterTests.framework */ = {isa = PBXFileReference; explicitFileType = wrapper.framework; includeInIndex = 0; path = Pods_flixterTests.framework; sourceTree = BUILT_PRODUCTS_DIR; };
/* End PBXFileReference section */

/* Begin PBXFrameworksBuildPhase section */
		08323ABE25DF29E000013B14 /* Frameworks */ = {
			isa = PBXFrameworksBuildPhase;
			buildActionMask = 2147483647;
			files = (
				E8107722BCA7DAD91935B6F4 /* Pods_flixter.framework in Frameworks */,
			);
			runOnlyForDeploymentPostprocessing = 0;
		};
		08323AD425DF29E100013B14 /* Frameworks */ = {
			isa = PBXFrameworksBuildPhase;
			buildActionMask = 2147483647;
			files = (
				2980953146F42E179015B647 /* Pods_flixterTests.framework in Frameworks */,
			);
			runOnlyForDeploymentPostprocessing = 0;
		};
		08323ADF25DF29E100013B14 /* Frameworks */ = {
			isa = PBXFrameworksBuildPhase;
			buildActionMask = 2147483647;
			files = (
				7682138A9A3F50636A9ACA8C /* Pods_flixter_flixterUITests.framework in Frameworks */,
			);
			runOnlyForDeploymentPostprocessing = 0;
		};
/* End PBXFrameworksBuildPhase section */

/* Begin PBXGroup section */
		08323AB825DF29E000013B14 = {
			isa = PBXGroup;
			children = (
				08323AC325DF29E000013B14 /* flixter */,
				08323ADA25DF29E100013B14 /* flixterTests */,
				08323AE525DF29E100013B14 /* flixterUITests */,
				08323AC225DF29E000013B14 /* Products */,
				DA29AB04508149C9F4951CF5 /* Pods */,
				0E940054B07217D5D5380427 /* Frameworks */,
			);
			sourceTree = "<group>";
		};
		08323AC225DF29E000013B14 /* Products */ = {
			isa = PBXGroup;
			children = (
				08323AC125DF29E000013B14 /* flixter.app */,
				08323AD725DF29E100013B14 /* flixterTests.xctest */,
				08323AE225DF29E100013B14 /* flixterUITests.xctest */,
			);
			name = Products;
			sourceTree = "<group>";
		};
		08323AC325DF29E000013B14 /* flixter */ = {
			isa = PBXGroup;
			children = (
				08323AC425DF29E000013B14 /* AppDelegate.swift */,
				08323AC625DF29E000013B14 /* SceneDelegate.swift */,
				08323ACA25DF29E000013B14 /* Main.storyboard */,
				08323ACD25DF29E100013B14 /* Assets.xcassets */,
				08323ACF25DF29E100013B14 /* LaunchScreen.storyboard */,
				08323AD225DF29E100013B14 /* Info.plist */,
				08323AFA25DF359E00013B14 /* MoviesViewController.swift */,
				08323AFF25DF401600013B14 /* MovieCell.swift */,
			);
			path = flixter;
			sourceTree = "<group>";
		};
		08323ADA25DF29E100013B14 /* flixterTests */ = {
			isa = PBXGroup;
			children = (
				08323ADB25DF29E100013B14 /* flixterTests.swift */,
				08323ADD25DF29E100013B14 /* Info.plist */,
			);
			path = flixterTests;
			sourceTree = "<group>";
		};
		08323AE525DF29E100013B14 /* flixterUITests */ = {
			isa = PBXGroup;
			children = (
				08323AE625DF29E100013B14 /* flixterUITests.swift */,
				08323AE825DF29E100013B14 /* Info.plist */,
			);
			path = flixterUITests;
			sourceTree = "<group>";
		};
		0E940054B07217D5D5380427 /* Frameworks */ = {
			isa = PBXGroup;
			children = (
				5B64157191288DE670BC1B9D /* Pods_flixter.framework */,
				70B2DCE51F7A2C770EBBD813 /* Pods_flixter_flixterUITests.framework */,
				FE2C3B6066E10E2B17269CBA /* Pods_flixterTests.framework */,
			);
			name = Frameworks;
			sourceTree = "<group>";
		};
		DA29AB04508149C9F4951CF5 /* Pods */ = {
			isa = PBXGroup;
			children = (
				5374258278E8B42CEB4A0C81 /* Pods-flixter.debug.xcconfig */,
				9C132BBEEC02A1C552B707F5 /* Pods-flixter.release.xcconfig */,
				A94F9873B737383A044399D1 /* Pods-flixter-flixterUITests.debug.xcconfig */,
				FD9F25F186818D7981754347 /* Pods-flixter-flixterUITests.release.xcconfig */,
				EACEC920DC17AA2C9D4B2017 /* Pods-flixterTests.debug.xcconfig */,
				816380473DD7B3730E826FC5 /* Pods-flixterTests.release.xcconfig */,
			);
			name = Pods;
			path = Pods;
			sourceTree = "<group>";
		};
/* End PBXGroup section */

/* Begin PBXNativeTarget section */
		08323AC025DF29E000013B14 /* flixter */ = {
			isa = PBXNativeTarget;
			buildConfigurationList = 08323AEB25DF29E100013B14 /* Build configuration list for PBXNativeTarget "flixter" */;
			buildPhases = (
				D4701FCB38A936F4EF0DDEA5 /* [CP] Check Pods Manifest.lock */,
				08323ABD25DF29E000013B14 /* Sources */,
				08323ABE25DF29E000013B14 /* Frameworks */,
				08323ABF25DF29E000013B14 /* Resources */,
				E0EB006F157E7CBB73868AEB /* [CP] Embed Pods Frameworks */,
			);
			buildRules = (
			);
			dependencies = (
			);
			name = flixter;
			productName = flixter;
			productReference = 08323AC125DF29E000013B14 /* flixter.app */;
			productType = "com.apple.product-type.application";
		};
		08323AD625DF29E100013B14 /* flixterTests */ = {
			isa = PBXNativeTarget;
			buildConfigurationList = 08323AEE25DF29E100013B14 /* Build configuration list for PBXNativeTarget "flixterTests" */;
			buildPhases = (
				C0C45423DB54862E5E5A836D /* [CP] Check Pods Manifest.lock */,
				08323AD325DF29E100013B14 /* Sources */,
				08323AD425DF29E100013B14 /* Frameworks */,
				08323AD525DF29E100013B14 /* Resources */,
			);
			buildRules = (
			);
			dependencies = (
				08323AD925DF29E100013B14 /* PBXTargetDependency */,
			);
			name = flixterTests;
			productName = flixterTests;
			productReference = 08323AD725DF29E100013B14 /* flixterTests.xctest */;
			productType = "com.apple.product-type.bundle.unit-test";
		};
		08323AE125DF29E100013B14 /* flixterUITests */ = {
			isa = PBXNativeTarget;
			buildConfigurationList = 08323AF125DF29E100013B14 /* Build configuration list for PBXNativeTarget "flixterUITests" */;
			buildPhases = (
				5CEDC6915808906E08D8523E /* [CP] Check Pods Manifest.lock */,
				08323ADE25DF29E100013B14 /* Sources */,
				08323ADF25DF29E100013B14 /* Frameworks */,
				08323AE025DF29E100013B14 /* Resources */,
				E9BEE9CD750EA8ABA935850A /* [CP] Embed Pods Frameworks */,
			);
			buildRules = (
			);
			dependencies = (
				08323AE425DF29E100013B14 /* PBXTargetDependency */,
			);
			name = flixterUITests;
			productName = flixterUITests;
			productReference = 08323AE225DF29E100013B14 /* flixterUITests.xctest */;
			productType = "com.apple.product-type.bundle.ui-testing";
		};
/* End PBXNativeTarget section */

/* Begin PBXProject section */
		08323AB925DF29E000013B14 /* Project object */ = {
			isa = PBXProject;
			attributes = {
				LastSwiftUpdateCheck = 1240;
				LastUpgradeCheck = 1240;
				TargetAttributes = {
					08323AC025DF29E000013B14 = {
						CreatedOnToolsVersion = 12.4;
					};
					08323AD625DF29E100013B14 = {
						CreatedOnToolsVersion = 12.4;
						TestTargetID = 08323AC025DF29E000013B14;
					};
					08323AE125DF29E100013B14 = {
						CreatedOnToolsVersion = 12.4;
						TestTargetID = 08323AC025DF29E000013B14;
					};
				};
			};
			buildConfigurationList = 08323ABC25DF29E000013B14 /* Build configuration list for PBXProject "flixter" */;
			compatibilityVersion = "Xcode 9.3";
			developmentRegion = en;
			hasScannedForEncodings = 0;
			knownRegions = (
				en,
				Base,
			);
			mainGroup = 08323AB825DF29E000013B14;
			productRefGroup = 08323AC225DF29E000013B14 /* Products */;
			projectDirPath = "";
			projectRoot = "";
			targets = (
				08323AC025DF29E000013B14 /* flixter */,
				08323AD625DF29E100013B14 /* flixterTests */,
				08323AE125DF29E100013B14 /* flixterUITests */,
			);
		};
/* End PBXProject section */

/* Begin PBXResourcesBuildPhase section */
		08323ABF25DF29E000013B14 /* Resources */ = {
			isa = PBXResourcesBuildPhase;
			buildActionMask = 2147483647;
			files = (
				08323AD125DF29E100013B14 /* LaunchScreen.storyboard in Resources */,
				08323ACE25DF29E100013B14 /* Assets.xcassets in Resources */,
				08323ACC25DF29E000013B14 /* Main.storyboard in Resources */,
			);
			runOnlyForDeploymentPostprocessing = 0;
		};
		08323AD525DF29E100013B14 /* Resources */ = {
			isa = PBXResourcesBuildPhase;
			buildActionMask = 2147483647;
			files = (
			);
			runOnlyForDeploymentPostprocessing = 0;
		};
		08323AE025DF29E100013B14 /* Resources */ = {
			isa = PBXResourcesBuildPhase;
			buildActionMask = 2147483647;
			files = (
			);
			runOnlyForDeploymentPostprocessing = 0;
		};
/* End PBXResourcesBuildPhase section */

/* Begin PBXShellScriptBuildPhase section */
		5CEDC6915808906E08D8523E /* [CP] Check Pods Manifest.lock */ = {
			isa = PBXShellScriptBuildPhase;
			buildActionMask = 2147483647;
			files = (
			);
			inputFileListPaths = (
			);
			inputPaths = (
				"${PODS_PODFILE_DIR_PATH}/Podfile.lock",
				"${PODS_ROOT}/Manifest.lock",
			);
			name = "[CP] Check Pods Manifest.lock";
			outputFileListPaths = (
			);
			outputPaths = (
				"$(DERIVED_FILE_DIR)/Pods-flixter-flixterUITests-checkManifestLockResult.txt",
			);
			runOnlyForDeploymentPostprocessing = 0;
			shellPath = /bin/sh;
			shellScript = "diff \"${PODS_PODFILE_DIR_PATH}/Podfile.lock\" \"${PODS_ROOT}/Manifest.lock\" > /dev/null\nif [ $? != 0 ] ; then\n    # print error to STDERR\n    echo \"error: The sandbox is not in sync with the Podfile.lock. Run 'pod install' or update your CocoaPods installation.\" >&2\n    exit 1\nfi\n# This output is used by Xcode 'outputs' to avoid re-running this script phase.\necho \"SUCCESS\" > \"${SCRIPT_OUTPUT_FILE_0}\"\n";
			showEnvVarsInLog = 0;
		};
		C0C45423DB54862E5E5A836D /* [CP] Check Pods Manifest.lock */ = {
			isa = PBXShellScriptBuildPhase;
			buildActionMask = 2147483647;
			files = (
			);
			inputFileListPaths = (
			);
			inputPaths = (
				"${PODS_PODFILE_DIR_PATH}/Podfile.lock",
				"${PODS_ROOT}/Manifest.lock",
			);
			name = "[CP] Check Pods Manifest.lock";
			outputFileListPaths = (
			);
			outputPaths = (
				"$(DERIVED_FILE_DIR)/Pods-flixterTests-checkManifestLockResult.txt",
			);
			runOnlyForDeploymentPostprocessing = 0;
			shellPath = /bin/sh;
			shellScript = "diff \"${PODS_PODFILE_DIR_PATH}/Podfile.lock\" \"${PODS_ROOT}/Manifest.lock\" > /dev/null\nif [ $? != 0 ] ; then\n    # print error to STDERR\n    echo \"error: The sandbox is not in sync with the Podfile.lock. Run 'pod install' or update your CocoaPods installation.\" >&2\n    exit 1\nfi\n# This output is used by Xcode 'outputs' to avoid re-running this script phase.\necho \"SUCCESS\" > \"${SCRIPT_OUTPUT_FILE_0}\"\n";
			showEnvVarsInLog = 0;
		};
		D4701FCB38A936F4EF0DDEA5 /* [CP] Check Pods Manifest.lock */ = {
			isa = PBXShellScriptBuildPhase;
			buildActionMask = 2147483647;
			files = (
			);
			inputFileListPaths = (
			);
			inputPaths = (
				"${PODS_PODFILE_DIR_PATH}/Podfile.lock",
				"${PODS_ROOT}/Manifest.lock",
			);
			name = "[CP] Check Pods Manifest.lock";
			outputFileListPaths = (
			);
			outputPaths = (
				"$(DERIVED_FILE_DIR)/Pods-flixter-checkManifestLockResult.txt",
			);
			runOnlyForDeploymentPostprocessing = 0;
			shellPath = /bin/sh;
			shellScript = "diff \"${PODS_PODFILE_DIR_PATH}/Podfile.lock\" \"${PODS_ROOT}/Manifest.lock\" > /dev/null\nif [ $? != 0 ] ; then\n    # print error to STDERR\n    echo \"error: The sandbox is not in sync with the Podfile.lock. Run 'pod install' or update your CocoaPods installation.\" >&2\n    exit 1\nfi\n# This output is used by Xcode 'outputs' to avoid re-running this script phase.\necho \"SUCCESS\" > \"${SCRIPT_OUTPUT_FILE_0}\"\n";
			showEnvVarsInLog = 0;
		};
		E0EB006F157E7CBB73868AEB /* [CP] Embed Pods Frameworks */ = {
			isa = PBXShellScriptBuildPhase;
			buildActionMask = 2147483647;
			files = (
			);
			inputFileListPaths = (
				"${PODS_ROOT}/Target Support Files/Pods-flixter/Pods-flixter-frameworks-${CONFIGURATION}-input-files.xcfilelist",
			);
			name = "[CP] Embed Pods Frameworks";
			outputFileListPaths = (
				"${PODS_ROOT}/Target Support Files/Pods-flixter/Pods-flixter-frameworks-${CONFIGURATION}-output-files.xcfilelist",
			);
			runOnlyForDeploymentPostprocessing = 0;
			shellPath = /bin/sh;
			shellScript = "\"${PODS_ROOT}/Target Support Files/Pods-flixter/Pods-flixter-frameworks.sh\"\n";
			showEnvVarsInLog = 0;
		};
		E9BEE9CD750EA8ABA935850A /* [CP] Embed Pods Frameworks */ = {
			isa = PBXShellScriptBuildPhase;
			buildActionMask = 2147483647;
			files = (
			);
			inputFileListPaths = (
				"${PODS_ROOT}/Target Support Files/Pods-flixter-flixterUITests/Pods-flixter-flixterUITests-frameworks-${CONFIGURATION}-input-files.xcfilelist",
			);
			name = "[CP] Embed Pods Frameworks";
			outputFileListPaths = (
				"${PODS_ROOT}/Target Support Files/Pods-flixter-flixterUITests/Pods-flixter-flixterUITests-frameworks-${CONFIGURATION}-output-files.xcfilelist",
			);
			runOnlyForDeploymentPostprocessing = 0;
			shellPath = /bin/sh;
			shellScript = "\"${PODS_ROOT}/Target Support Files/Pods-flixter-flixterUITests/Pods-flixter-flixterUITests-frameworks.sh\"\n";
			showEnvVarsInLog = 0;
		};
/* End PBXShellScriptBuildPhase section */

/* Begin PBXSourcesBuildPhase section */
		08323ABD25DF29E000013B14 /* Sources */ = {
			isa = PBXSourcesBuildPhase;
			buildActionMask = 2147483647;
			files = (
				08323AC525DF29E000013B14 /* AppDelegate.swift in Sources */,
				08323AC725DF29E000013B14 /* SceneDelegate.swift in Sources */,
				08323B0025DF401600013B14 /* MovieCell.swift in Sources */,
				08323AFB25DF359E00013B14 /* MoviesViewController.swift in Sources */,
			);
			runOnlyForDeploymentPostprocessing = 0;
		};
		08323AD325DF29E100013B14 /* Sources */ = {
			isa = PBXSourcesBuildPhase;
			buildActionMask = 2147483647;
			files = (
				08323ADC25DF29E100013B14 /* flixterTests.swift in Sources */,
			);
			runOnlyForDeploymentPostprocessing = 0;
		};
		08323ADE25DF29E100013B14 /* Sources */ = {
			isa = PBXSourcesBuildPhase;
			buildActionMask = 2147483647;
			files = (
				08323AE725DF29E100013B14 /* flixterUITests.swift in Sources */,
			);
			runOnlyForDeploymentPostprocessing = 0;
		};
/* End PBXSourcesBuildPhase section */

/* Begin PBXTargetDependency section */
		08323AD925DF29E100013B14 /* PBXTargetDependency */ = {
			isa = PBXTargetDependency;
			target = 08323AC025DF29E000013B14 /* flixter */;
			targetProxy = 08323AD825DF29E100013B14 /* PBXContainerItemProxy */;
		};
		08323AE425DF29E100013B14 /* PBXTargetDependency */ = {
			isa = PBXTargetDependency;
			target = 08323AC025DF29E000013B14 /* flixter */;
			targetProxy = 08323AE325DF29E100013B14 /* PBXContainerItemProxy */;
		};
/* End PBXTargetDependency section */

/* Begin PBXVariantGroup section */
		08323ACA25DF29E000013B14 /* Main.storyboard */ = {
			isa = PBXVariantGroup;
			children = (
				08323ACB25DF29E000013B14 /* Base */,
			);
			name = Main.storyboard;
			sourceTree = "<group>";
		};
		08323ACF25DF29E100013B14 /* LaunchScreen.storyboard */ = {
			isa = PBXVariantGroup;
			children = (
				08323AD025DF29E100013B14 /* Base */,
			);
			name = LaunchScreen.storyboard;
			sourceTree = "<group>";
		};
/* End PBXVariantGroup section */

/* Begin XCBuildConfiguration section */
		08323AE925DF29E100013B14 /* Debug */ = {
			isa = XCBuildConfiguration;
			buildSettings = {
				ALWAYS_SEARCH_USER_PATHS = NO;
				CLANG_ANALYZER_NONNULL = YES;
				CLANG_ANALYZER_NUMBER_OBJECT_CONVERSION = YES_AGGRESSIVE;
				CLANG_CXX_LANGUAGE_STANDARD = "gnu++14";
				CLANG_CXX_LIBRARY = "libc++";
				CLANG_ENABLE_MODULES = YES;
				CLANG_ENABLE_OBJC_ARC = YES;
				CLANG_ENABLE_OBJC_WEAK = YES;
				CLANG_WARN_BLOCK_CAPTURE_AUTORELEASING = YES;
				CLANG_WARN_BOOL_CONVERSION = YES;
				CLANG_WARN_COMMA = YES;
				CLANG_WARN_CONSTANT_CONVERSION = YES;
				CLANG_WARN_DEPRECATED_OBJC_IMPLEMENTATIONS = YES;
				CLANG_WARN_DIRECT_OBJC_ISA_USAGE = YES_ERROR;
				CLANG_WARN_DOCUMENTATION_COMMENTS = YES;
				CLANG_WARN_EMPTY_BODY = YES;
				CLANG_WARN_ENUM_CONVERSION = YES;
				CLANG_WARN_INFINITE_RECURSION = YES;
				CLANG_WARN_INT_CONVERSION = YES;
				CLANG_WARN_NON_LITERAL_NULL_CONVERSION = YES;
				CLANG_WARN_OBJC_IMPLICIT_RETAIN_SELF = YES;
				CLANG_WARN_OBJC_LITERAL_CONVERSION = YES;
				CLANG_WARN_OBJC_ROOT_CLASS = YES_ERROR;
				CLANG_WARN_QUOTED_INCLUDE_IN_FRAMEWORK_HEADER = YES;
				CLANG_WARN_RANGE_LOOP_ANALYSIS = YES;
				CLANG_WARN_STRICT_PROTOTYPES = YES;
				CLANG_WARN_SUSPICIOUS_MOVE = YES;
				CLANG_WARN_UNGUARDED_AVAILABILITY = YES_AGGRESSIVE;
				CLANG_WARN_UNREACHABLE_CODE = YES;
				CLANG_WARN__DUPLICATE_METHOD_MATCH = YES;
				COPY_PHASE_STRIP = NO;
				DEBUG_INFORMATION_FORMAT = dwarf;
				ENABLE_STRICT_OBJC_MSGSEND = YES;
				ENABLE_TESTABILITY = YES;
				GCC_C_LANGUAGE_STANDARD = gnu11;
				GCC_DYNAMIC_NO_PIC = NO;
				GCC_NO_COMMON_BLOCKS = YES;
				GCC_OPTIMIZATION_LEVEL = 0;
				GCC_PREPROCESSOR_DEFINITIONS = (
					"DEBUG=1",
					"$(inherited)",
				);
				GCC_WARN_64_TO_32_BIT_CONVERSION = YES;
				GCC_WARN_ABOUT_RETURN_TYPE = YES_ERROR;
				GCC_WARN_UNDECLARED_SELECTOR = YES;
				GCC_WARN_UNINITIALIZED_AUTOS = YES_AGGRESSIVE;
				GCC_WARN_UNUSED_FUNCTION = YES;
				GCC_WARN_UNUSED_VARIABLE = YES;
				IPHONEOS_DEPLOYMENT_TARGET = 14.4;
				MTL_ENABLE_DEBUG_INFO = INCLUDE_SOURCE;
				MTL_FAST_MATH = YES;
				ONLY_ACTIVE_ARCH = YES;
				SDKROOT = iphoneos;
				SWIFT_ACTIVE_COMPILATION_CONDITIONS = DEBUG;
				SWIFT_OPTIMIZATION_LEVEL = "-Onone";
			};
			name = Debug;
		};
		08323AEA25DF29E100013B14 /* Release */ = {
			isa = XCBuildConfiguration;
			buildSettings = {
				ALWAYS_SEARCH_USER_PATHS = NO;
				CLANG_ANALYZER_NONNULL = YES;
				CLANG_ANALYZER_NUMBER_OBJECT_CONVERSION = YES_AGGRESSIVE;
				CLANG_CXX_LANGUAGE_STANDARD = "gnu++14";
				CLANG_CXX_LIBRARY = "libc++";
				CLANG_ENABLE_MODULES = YES;
				CLANG_ENABLE_OBJC_ARC = YES;
				CLANG_ENABLE_OBJC_WEAK = YES;
				CLANG_WARN_BLOCK_CAPTURE_AUTORELEASING = YES;
				CLANG_WARN_BOOL_CONVERSION = YES;
				CLANG_WARN_COMMA = YES;
				CLANG_WARN_CONSTANT_CONVERSION = YES;
				CLANG_WARN_DEPRECATED_OBJC_IMPLEMENTATIONS = YES;
				CLANG_WARN_DIRECT_OBJC_ISA_USAGE = YES_ERROR;
				CLANG_WARN_DOCUMENTATION_COMMENTS = YES;
				CLANG_WARN_EMPTY_BODY = YES;
				CLANG_WARN_ENUM_CONVERSION = YES;
				CLANG_WARN_INFINITE_RECURSION = YES;
				CLANG_WARN_INT_CONVERSION = YES;
				CLANG_WARN_NON_LITERAL_NULL_CONVERSION = YES;
				CLANG_WARN_OBJC_IMPLICIT_RETAIN_SELF = YES;
				CLANG_WARN_OBJC_LITERAL_CONVERSION = YES;
				CLANG_WARN_OBJC_ROOT_CLASS = YES_ERROR;
				CLANG_WARN_QUOTED_INCLUDE_IN_FRAMEWORK_HEADER = YES;
				CLANG_WARN_RANGE_LOOP_ANALYSIS = YES;
				CLANG_WARN_STRICT_PROTOTYPES = YES;
				CLANG_WARN_SUSPICIOUS_MOVE = YES;
				CLANG_WARN_UNGUARDED_AVAILABILITY = YES_AGGRESSIVE;
				CLANG_WARN_UNREACHABLE_CODE = YES;
				CLANG_WARN__DUPLICATE_METHOD_MATCH = YES;
				COPY_PHASE_STRIP = NO;
				DEBUG_INFORMATION_FORMAT = "dwarf-with-dsym";
				ENABLE_NS_ASSERTIONS = NO;
				ENABLE_STRICT_OBJC_MSGSEND = YES;
				GCC_C_LANGUAGE_STANDARD = gnu11;
				GCC_NO_COMMON_BLOCKS = YES;
				GCC_WARN_64_TO_32_BIT_CONVERSION = YES;
				GCC_WARN_ABOUT_RETURN_TYPE = YES_ERROR;
				GCC_WARN_UNDECLARED_SELECTOR = YES;
				GCC_WARN_UNINITIALIZED_AUTOS = YES_AGGRESSIVE;
				GCC_WARN_UNUSED_FUNCTION = YES;
				GCC_WARN_UNUSED_VARIABLE = YES;
				IPHONEOS_DEPLOYMENT_TARGET = 14.4;
				MTL_ENABLE_DEBUG_INFO = NO;
				MTL_FAST_MATH = YES;
				SDKROOT = iphoneos;
				SWIFT_COMPILATION_MODE = wholemodule;
				SWIFT_OPTIMIZATION_LEVEL = "-O";
				VALIDATE_PRODUCT = YES;
			};
			name = Release;
		};
		08323AEC25DF29E100013B14 /* Debug */ = {
			isa = XCBuildConfiguration;
			baseConfigurationReference = 5374258278E8B42CEB4A0C81 /* Pods-flixter.debug.xcconfig */;
			buildSettings = {
				ASSETCATALOG_COMPILER_APPICON_NAME = AppIcon;
				ASSETCATALOG_COMPILER_GLOBAL_ACCENT_COLOR_NAME = AccentColor;
				CODE_SIGN_STYLE = Automatic;
				INFOPLIST_FILE = flixter/Info.plist;
				LD_RUNPATH_SEARCH_PATHS = (
					"$(inherited)",
					"@executable_path/Frameworks",
				);
				PRODUCT_BUNDLE_IDENTIFIER = pantojabruin.flixter;
				PRODUCT_NAME = "$(TARGET_NAME)";
				SWIFT_VERSION = 5.0;
				TARGETED_DEVICE_FAMILY = "1,2";
			};
			name = Debug;
		};
		08323AED25DF29E100013B14 /* Release */ = {
			isa = XCBuildConfiguration;
			baseConfigurationReference = 9C132BBEEC02A1C552B707F5 /* Pods-flixter.release.xcconfig */;
			buildSettings = {
				ASSETCATALOG_COMPILER_APPICON_NAME = AppIcon;
				ASSETCATALOG_COMPILER_GLOBAL_ACCENT_COLOR_NAME = AccentColor;
				CODE_SIGN_STYLE = Automatic;
				INFOPLIST_FILE = flixter/Info.plist;
				LD_RUNPATH_SEARCH_PATHS = (
					"$(inherited)",
					"@executable_path/Frameworks",
				);
				PRODUCT_BUNDLE_IDENTIFIER = pantojabruin.flixter;
				PRODUCT_NAME = "$(TARGET_NAME)";
				SWIFT_VERSION = 5.0;
				TARGETED_DEVICE_FAMILY = "1,2";
			};
			name = Release;
		};
		08323AEF25DF29E100013B14 /* Debug */ = {
			isa = XCBuildConfiguration;
			baseConfigurationReference = EACEC920DC17AA2C9D4B2017 /* Pods-flixterTests.debug.xcconfig */;
			buildSettings = {
				ALWAYS_EMBED_SWIFT_STANDARD_LIBRARIES = YES;
				BUNDLE_LOADER = "$(TEST_HOST)";
				CODE_SIGN_STYLE = Automatic;
				INFOPLIST_FILE = flixterTests/Info.plist;
				IPHONEOS_DEPLOYMENT_TARGET = 14.4;
				LD_RUNPATH_SEARCH_PATHS = (
					"$(inherited)",
					"@executable_path/Frameworks",
					"@loader_path/Frameworks",
				);
				PRODUCT_BUNDLE_IDENTIFIER = pantojabruin.flixterTests;
				PRODUCT_NAME = "$(TARGET_NAME)";
				SWIFT_VERSION = 5.0;
				TARGETED_DEVICE_FAMILY = "1,2";
				TEST_HOST = "$(BUILT_PRODUCTS_DIR)/flixter.app/flixter";
			};
			name = Debug;
		};
		08323AF025DF29E100013B14 /* Release */ = {
			isa = XCBuildConfiguration;
			baseConfigurationReference = 816380473DD7B3730E826FC5 /* Pods-flixterTests.release.xcconfig */;
			buildSettings = {
				ALWAYS_EMBED_SWIFT_STANDARD_LIBRARIES = YES;
				BUNDLE_LOADER = "$(TEST_HOST)";
				CODE_SIGN_STYLE = Automatic;
				INFOPLIST_FILE = flixterTests/Info.plist;
				IPHONEOS_DEPLOYMENT_TARGET = 14.4;
				LD_RUNPATH_SEARCH_PATHS = (
					"$(inherited)",
					"@executable_path/Frameworks",
					"@loader_path/Frameworks",
				);
				PRODUCT_BUNDLE_IDENTIFIER = pantojabruin.flixterTests;
				PRODUCT_NAME = "$(TARGET_NAME)";
				SWIFT_VERSION = 5.0;
				TARGETED_DEVICE_FAMILY = "1,2";
				TEST_HOST = "$(BUILT_PRODUCTS_DIR)/flixter.app/flixter";
			};
			name = Release;
		};
		08323AF225DF29E100013B14 /* Debug */ = {
			isa = XCBuildConfiguration;
			baseConfigurationReference = A94F9873B737383A044399D1 /* Pods-flixter-flixterUITests.debug.xcconfig */;
			buildSettings = {
				ALWAYS_EMBED_SWIFT_STANDARD_LIBRARIES = YES;
				CODE_SIGN_STYLE = Automatic;
				INFOPLIST_FILE = flixterUITests/Info.plist;
				LD_RUNPATH_SEARCH_PATHS = (
					"$(inherited)",
					"@executable_path/Frameworks",
					"@loader_path/Frameworks",
				);
				PRODUCT_BUNDLE_IDENTIFIER = pantojabruin.flixterUITests;
				PRODUCT_NAME = "$(TARGET_NAME)";
				SWIFT_VERSION = 5.0;
				TARGETED_DEVICE_FAMILY = "1,2";
				TEST_TARGET_NAME = flixter;
			};
			name = Debug;
		};
		08323AF325DF29E100013B14 /* Release */ = {
			isa = XCBuildConfiguration;
			baseConfigurationReference = FD9F25F186818D7981754347 /* Pods-flixter-flixterUITests.release.xcconfig */;
			buildSettings = {
				ALWAYS_EMBED_SWIFT_STANDARD_LIBRARIES = YES;
				CODE_SIGN_STYLE = Automatic;
				INFOPLIST_FILE = flixterUITests/Info.plist;
				LD_RUNPATH_SEARCH_PATHS = (
					"$(inherited)",
					"@executable_path/Frameworks",
					"@loader_path/Frameworks",
				);
				PRODUCT_BUNDLE_IDENTIFIER = pantojabruin.flixterUITests;
				PRODUCT_NAME = "$(TARGET_NAME)";
				SWIFT_VERSION = 5.0;
				TARGETED_DEVICE_FAMILY = "1,2";
				TEST_TARGET_NAME = flixter;
			};
			name = Release;
		};
/* End XCBuildConfiguration section */

/* Begin XCConfigurationList section */
		08323ABC25DF29E000013B14 /* Build configuration list for PBXProject "flixter" */ = {
			isa = XCConfigurationList;
			buildConfigurations = (
				08323AE925DF29E100013B14 /* Debug */,
				08323AEA25DF29E100013B14 /* Release */,
			);
			defaultConfigurationIsVisible = 0;
			defaultConfigurationName = Release;
		};
		08323AEB25DF29E100013B14 /* Build configuration list for PBXNativeTarget "flixter" */ = {
			isa = XCConfigurationList;
			buildConfigurations = (
				08323AEC25DF29E100013B14 /* Debug */,
				08323AED25DF29E100013B14 /* Release */,
			);
			defaultConfigurationIsVisible = 0;
			defaultConfigurationName = Release;
		};
		08323AEE25DF29E100013B14 /* Build configuration list for PBXNativeTarget "flixterTests" */ = {
			isa = XCConfigurationList;
			buildConfigurations = (
				08323AEF25DF29E100013B14 /* Debug */,
				08323AF025DF29E100013B14 /* Release */,
			);
			defaultConfigurationIsVisible = 0;
			defaultConfigurationName = Release;
		};
		08323AF125DF29E100013B14 /* Build configuration list for PBXNativeTarget "flixterUITests" */ = {
			isa = XCConfigurationList;
			buildConfigurations = (
				08323AF225DF29E100013B14 /* Debug */,
				08323AF325DF29E100013B14 /* Release */,
			);
			defaultConfigurationIsVisible = 0;
			defaultConfigurationName = Release;
		};
/* End XCConfigurationList section */
	};
	rootObject = 08323AB925DF29E000013B14 /* Project object */;
}
